lockfileVersion: 5.3

specifiers:
  animate.css: ^4.1.1
  echarts: ^5.3.0
  echarts-wordcloud: ^2.0.0
  lodash: ^4.17.21
  randomcolor: ^0.6.2
  wordcloud: ^1.2.2

dependencies:
  animate.css: 4.1.1
  echarts: 5.3.0
  echarts-wordcloud: 2.0.0_echarts@5.3.0
  lodash: 4.17.21
  randomcolor: 0.6.2
  wordcloud: 1.2.2

packages:

  /animate.css/4.1.1:
    resolution: {integrity: sha512-+mRmCTv6SbCmtYJCN4faJMNFVNN5EuCTTprDTAo7YzIGji2KADmakjVA3+8mVDkZ2Bf09vayB35lSQIex2+QaQ==}
    dev: false

  /echarts-wordcloud/2.0.0_echarts@5.3.0:
    resolution: {integrity: sha512-K7l6pTklqdW7ZWzT/1CS0KhBSINr/cd7c5N1fVMzZMwLQHEwT7x+nivK7g5hkVh7WNcAv4Dn6/ZS5zMKRozC1g==}
    peerDependencies:
      echarts: ^5.0.1
    dependencies:
      echarts: 5.3.0
    dev: false

  /echarts/5.3.0:
    resolution: {integrity: sha512-zENufmwFE6WjM+24tW3xQq4ICqQtI0CGj4bDVDNd3BK3LtaA/5wBp+64ykIyKy3QElz0cieKqSYP4FX9Lv9MwQ==}
    dependencies:
      tslib: 2.3.0
      zrender: 5.3.0
    dev: false

  /lodash/4.17.21:
    resolution: {integrity: sha512-v2kDEe57lecTulaDIuNTPy3Ry4gLGJ6Z1O3vE1krgXZNrsQ+LFTGHVxVjcXPs17LhbZVGedAJv8XZ1tvj5FvSg==}
    dev: false

  /randomcolor/0.6.2:
    resolution: {integrity: sha512-Mn6TbyYpFgwFuQ8KJKqf3bqqY9O1y37/0jgSK/61PUxV4QfIMv0+K2ioq8DfOjkBslcjwSzRfIDEXfzA9aCx7A==}
    dev: false

  /tslib/2.3.0:
    resolution: {integrity: sha512-N82ooyxVNm6h1riLCoyS9e3fuJ3AMG2zIZs2Gd1ATcSFjSA23Q0fzjjZeh0jbJvWVDZ0cJT8yaNNaaXHzueNjg==}
    dev: false

  /wordcloud/1.2.2:
    resolution: {integrity: sha512-fUnDsGrHXou+49j1OeKaC7nOeZPx+sWjIet0L/j6eAcm0nXy+a+AuUs/iDAX4PLBg1Zc6wgXWXhoXdQsXRWAEw==}
    dev: false

  /zrender/5.3.0:
    resolution: {integrity: sha512-Ln2QB5uqI1ftNYMtCRxd+XDq6MOttLgam2tmhKAVA+j0ko47UT+VNlDvKTkqe4K2sJhBvB0EhYNLebqlCTjatQ==}
    dependencies:
      tslib: 2.3.0
    dev: false
